// !$*UTF8*$!
{
	archiveVersion = 1;
	classes = {
	};
	objectVersion = 50;
	objects = {

/* Begin PBXBuildFile section */
		672C27BA21BA45BA005AD81F /* AppDelegate.swift in Sources */ = {isa = PBXBuildFile; fileRef = 672C27B921BA45BA005AD81F /* AppDelegate.swift */; };
		672C27BC21BA45BA005AD81F /* ViewController.swift in Sources */ = {isa = PBXBuildFile; fileRef = 672C27BB21BA45BA005AD81F /* ViewController.swift */; };
		672C27BF21BA45BA005AD81F /* Main.storyboard in Resources */ = {isa = PBXBuildFile; fileRef = 672C27BD21BA45BA005AD81F /* Main.storyboard */; };
		672C27C121BA45BB005AD81F /* Assets.xcassets in Resources */ = {isa = PBXBuildFile; fileRef = 672C27C021BA45BB005AD81F /* Assets.xcassets */; };
		672C27C421BA45BB005AD81F /* LaunchScreen.storyboard in Resources */ = {isa = PBXBuildFile; fileRef = 672C27C221BA45BB005AD81F /* LaunchScreen.storyboard */; };
		672C27F521BA4657005AD81F /* ModuleSetting.swift in Sources */ = {isa = PBXBuildFile; fileRef = 672C27F321BA4657005AD81F /* ModuleSetting.swift */; };
		672C27F621BA4657005AD81F /* ModuleSettingExtension.swift in Sources */ = {isa = PBXBuildFile; fileRef = 672C27F421BA4657005AD81F /* ModuleSettingExtension.swift */; };
/* End PBXBuildFile section */

/* Begin PBXFileReference section */
		672C27B621BA45BA005AD81F /* SwiftModuleCallBack.app */ = {isa = PBXFileReference; explicitFileType = wrapper.application; includeInIndex = 0; path = SwiftModuleCallBack.app; sourceTree = BUILT_PRODUCTS_DIR; };
		672C27B921BA45BA005AD81F /* AppDelegate.swift */ = {isa = PBXFileReference; lastKnownFileType = sourcecode.swift; path = AppDelegate.swift; sourceTree = "<group>"; };
		672C27BB21BA45BA005AD81F /* ViewController.swift */ = {isa = PBXFileReference; lastKnownFileType = sourcecode.swift; path = ViewController.swift; sourceTree = "<group>"; };
		672C27BE21BA45BA005AD81F /* Base */ = {isa = PBXFileReference; lastKnownFileType = file.storyboard; name = Base; path = Base.lproj/Main.storyboard; sourceTree = "<group>"; };
		672C27C021BA45BB005AD81F /* Assets.xcassets */ = {isa = PBXFileReference; lastKnownFileType = folder.assetcatalog; path = Assets.xcassets; sourceTree = "<group>"; };
		672C27C321BA45BB005AD81F /* Base */ = {isa = PBXFileReference; lastKnownFileType = file.storyboard; name = Base; path = Base.lproj/LaunchScreen.storyboard; sourceTree = "<group>"; };
		672C27C521BA45BB005AD81F /* Info.plist */ = {isa = PBXFileReference; lastKnownFileType = text.plist.xml; path = Info.plist; sourceTree = "<group>"; };
		672C27F321BA4657005AD81F /* ModuleSetting.swift */ = {isa = PBXFileReference; fileEncoding = 4; lastKnownFileType = sourcecode.swift; path = ModuleSetting.swift; sourceTree = "<group>"; };
		672C27F421BA4657005AD81F /* ModuleSettingExtension.swift */ = {isa = PBXFileReference; fileEncoding = 4; lastKnownFileType = sourcecode.swift; path = ModuleSettingExtension.swift; sourceTree = "<group>"; };
/* End PBXFileReference section */

/* Begin PBXFrameworksBuildPhase section */
		672C27B321BA45BA005AD81F /* Frameworks */ = {
			isa = PBXFrameworksBuildPhase;
			buildActionMask = 2147483647;
			files = (
			);
			runOnlyForDeploymentPostprocessing = 0;
		};
/* End PBXFrameworksBuildPhase section */

/* Begin PBXGroup section */
		672C27AD21BA45BA005AD81F = {
			isa = PBXGroup;
			children = (
				672C27B821BA45BA005AD81F /* SwiftModuleCallBack */,
				672C27B721BA45BA005AD81F /* Products */,
			);
			sourceTree = "<group>";
		};
		672C27B721BA45BA005AD81F /* Products */ = {
			isa = PBXGroup;
			children = (
				672C27B621BA45BA005AD81F /* SwiftModuleCallBack.app */,
			);
			name = Products;
			sourceTree = "<group>";
		};
		672C27B821BA45BA005AD81F /* SwiftModuleCallBack */ = {
			isa = PBXGroup;
			children = (
				672C27F221BA4657005AD81F /* ModuleCallBack */,
				672C27B921BA45BA005AD81F /* AppDelegate.swift */,
				672C27BB21BA45BA005AD81F /* ViewController.swift */,
				672C27BD21BA45BA005AD81F /* Main.storyboard */,
				672C27C021BA45BB005AD81F /* Assets.xcassets */,
				672C27C221BA45BB005AD81F /* LaunchScreen.storyboard */,
				672C27C521BA45BB005AD81F /* Info.plist */,
			);
			path = SwiftModuleCallBack;
			sourceTree = "<group>";
		};
		672C27F221BA4657005AD81F /* ModuleCallBack */ = {
			isa = PBXGroup;
			children = (
				672C27F321BA4657005AD81F /* ModuleSetting.swift */,
				672C27F421BA4657005AD81F /* ModuleSettingExtension.swift */,
			);
			path = ModuleCallBack;
			sourceTree = "<group>";
		};
/* End PBXGroup section */

/* Begin PBXNativeTarget section */
		672C27B521BA45BA005AD81F /* SwiftModuleCallBack */ = {
			isa = PBXNativeTarget;
			buildConfigurationList = 672C27C821BA45BB005AD81F /* Build configuration list for PBXNativeTarget "SwiftModuleCallBack" */;
			buildPhases = (
				672C27B221BA45BA005AD81F /* Sources */,
				672C27B321BA45BA005AD81F /* Frameworks */,
				672C27B421BA45BA005AD81F /* Resources */,
			);
			buildRules = (
			);
			dependencies = (
			);
			name = SwiftModuleCallBack;
			productName = SwiftModuleCallBack;
			productReference = 672C27B621BA45BA005AD81F /* SwiftModuleCallBack.app */;
			productType = "com.apple.product-type.application";
		};
/* End PBXNativeTarget section */

/* Begin PBXProject section */
		672C27AE21BA45BA005AD81F /* Project object */ = {
			isa = PBXProject;
			attributes = {
				LastSwiftUpdateCheck = 1000;
				LastUpgradeCheck = 1000;
				ORGANIZATIONNAME = LZ;
				TargetAttributes = {
					672C27B521BA45BA005AD81F = {
						CreatedOnToolsVersion = 10.0;
					};
				};
			};
			buildConfigurationList = 672C27B121BA45BA005AD81F /* Build configuration list for PBXProject "SwiftModuleCallBack" */;
			compatibilityVersion = "Xcode 9.3";
			developmentRegion = en;
			hasScannedForEncodings = 0;
			knownRegions = (
				en,
				Base,
			);
			mainGroup = 672C27AD21BA45BA005AD81F;
			productRefGroup = 672C27B721BA45BA005AD81F /* Products */;
			projectDirPath = "";
			projectRoot = "";
			targets = (
				672C27B521BA45BA005AD81F /* SwiftModuleCallBack */,
			);
		};
/* End PBXProject section */

/* Begin PBXResourcesBuildPhase section */
		672C27B421BA45BA005AD81F /* Resources */ = {
			isa = PBXResourcesBuildPhase;
			buildActionMask = 2147483647;
			files = (
				672C27C421BA45BB005AD81F /* LaunchScreen.storyboard in Resources */,
				672C27C121BA45BB005AD81F /* Assets.xcassets in Resources */,
				672C27BF21BA45BA005AD81F /* Main.storyboard in Resources */,
			);
			runOnlyForDeploymentPostprocessing = 0;
		};
/* End PBXResourcesBuildPhase section */

/* Begin PBXSourcesBuildPhase section */
		672C27B221BA45BA005AD81F /* Sources */ = {
			isa = PBXSourcesBuildPhase;
			buildActionMask = 2147483647;
			files = (
				672C27F621BA4657005AD81F /* ModuleSettingExtension.swift in Sources */,
				672C27BC21BA45BA005AD81F /* ViewController.swift in Sources */,
				672C27BA21BA45BA005AD81F /* AppDelegate.swift in Sources */,
				672C27F521BA4657005AD81F /* ModuleSetting.swift in Sources */,
			);
			runOnlyForDeploymentPostprocessing = 0;
		};
/* End PBXSourcesBuildPhase section */

/* Begin PBXVariantGroup section */
		672C27BD21BA45BA005AD81F /* Main.storyboard */ = {
			isa = PBXVariantGroup;
			children = (
				672C27BE21BA45BA005AD81F /* Base */,
			);
			name = Main.storyboard;
			sourceTree = "<group>";
		};
		672C27C221BA45BB005AD81F /* LaunchScreen.storyboard */ = {
			isa = PBXVariantGroup;
			children = (
				672C27C321BA45BB005AD81F /* Base */,
			);
			name = LaunchScreen.storyboard;
			sourceTree = "<group>";
		};
/* End PBXVariantGroup section */

/* Begin XCBuildConfiguration section */
		672C27C621BA45BB005AD81F /* Debug */ = {
			isa = XCBuildConfiguration;
			buildSettings = {
				ALWAYS_SEARCH_USER_PATHS = NO;
				CLANG_ANALYZER_NONNULL = YES;
				CLANG_ANALYZER_NUMBER_OBJECT_CONVERSION = YES_AGGRESSIVE;
				CLANG_CXX_LANGUAGE_STANDARD = "gnu++14";
				CLANG_CXX_LIBRARY = "libc++";
				CLANG_ENABLE_MODULES = YES;
				CLANG_ENABLE_OBJC_ARC = YES;
				CLANG_ENABLE_OBJC_WEAK = YES;
				CLANG_WARN_BLOCK_CAPTURE_AUTORELEASING = YES;
				CLANG_WARN_BOOL_CONVERSION = YES;
				CLANG_WARN_COMMA = YES;
				CLANG_WARN_CONSTANT_CONVERSION = YES;
				CLANG_WARN_DEPRECATED_OBJC_IMPLEMENTATIONS = YES;
				CLANG_WARN_DIRECT_OBJC_ISA_USAGE = YES_ERROR;
				CLANG_WARN_DOCUMENTATION_COMMENTS = YES;
				CLANG_WARN_EMPTY_BODY = YES;
				CLANG_WARN_ENUM_CONVERSION = YES;
				CLANG_WARN_INFINITE_RECURSION = YES;
				CLANG_WARN_INT_CONVERSION = YES;
				CLANG_WARN_NON_LITERAL_NULL_CONVERSION = YES;
				CLANG_WARN_OBJC_IMPLICIT_RETAIN_SELF = YES;
				CLANG_WARN_OBJC_LITERAL_CONVERSION = YES;
				CLANG_WARN_OBJC_ROOT_CLASS = YES_ERROR;
				CLANG_WARN_RANGE_LOOP_ANALYSIS = YES;
				CLANG_WARN_STRICT_PROTOTYPES = YES;
				CLANG_WARN_SUSPICIOUS_MOVE = YES;
				CLANG_WARN_UNGUARDED_AVAILABILITY = YES_AGGRESSIVE;
				CLANG_WARN_UNREACHABLE_CODE = YES;
				CLANG_WARN__DUPLICATE_METHOD_MATCH = YES;
				CODE_SIGN_IDENTITY = "iPhone Developer";
				COPY_PHASE_STRIP = NO;
				DEBUG_INFORMATION_FORMAT = dwarf;
				ENABLE_STRICT_OBJC_MSGSEND = YES;
				ENABLE_TESTABILITY = YES;
				GCC_C_LANGUAGE_STANDARD = gnu11;
				GCC_DYNAMIC_NO_PIC = NO;
				GCC_NO_COMMON_BLOCKS = YES;
				GCC_OPTIMIZATION_LEVEL = 0;
				GCC_PREPROCESSOR_DEFINITIONS = (
					"DEBUG=1",
					"$(inherited)",
				);
				GCC_WARN_64_TO_32_BIT_CONVERSION = YES;
				GCC_WARN_ABOUT_RETURN_TYPE = YES_ERROR;
				GCC_WARN_UNDECLARED_SELECTOR = YES;
				GCC_WARN_UNINITIALIZED_AUTOS = YES_AGGRESSIVE;
				GCC_WARN_UNUSED_FUNCTION = YES;
				GCC_WARN_UNUSED_VARIABLE = YES;
				IPHONEOS_DEPLOYMENT_TARGET = 12.0;
				MTL_ENABLE_DEBUG_INFO = INCLUDE_SOURCE;
				MTL_FAST_MATH = YES;
				ONLY_ACTIVE_ARCH = YES;
				SDKROOT = iphoneos;
				SWIFT_ACTIVE_COMPILATION_CONDITIONS = DEBUG;
				SWIFT_OPTIMIZATION_LEVEL = "-Onone";
			};
			name = Debug;
		};
		672C27C721BA45BB005AD81F /* Release */ = {
			isa = XCBuildConfiguration;
			buildSettings = {
				ALWAYS_SEARCH_USER_PATHS = NO;
				CLANG_ANALYZER_NONNULL = YES;
				CLANG_ANALYZER_NUMBER_OBJECT_CONVERSION = YES_AGGRESSIVE;
				CLANG_CXX_LANGUAGE_STANDARD = "gnu++14";
				CLANG_CXX_LIBRARY = "libc++";
				CLANG_ENABLE_MODULES = YES;
				CLANG_ENABLE_OBJC_ARC = YES;
				CLANG_ENABLE_OBJC_WEAK = YES;
				CLANG_WARN_BLOCK_CAPTURE_AUTORELEASING = YES;
				CLANG_WARN_BOOL_CONVERSION = YES;
				CLANG_WARN_COMMA = YES;
				CLANG_WARN_CONSTANT_CONVERSION = YES;
				CLANG_WARN_DEPRECATED_OBJC_IMPLEMENTATIONS = YES;
				CLANG_WARN_DIRECT_OBJC_ISA_USAGE = YES_ERROR;
				CLANG_WARN_DOCUMENTATION_COMMENTS = YES;
				CLANG_WARN_EMPTY_BODY = YES;
				CLANG_WARN_ENUM_CONVERSION = YES;
				CLANG_WARN_INFINITE_RECURSION = YES;
				CLANG_WARN_INT_CONVERSION = YES;
				CLANG_WARN_NON_LITERAL_NULL_CONVERSION = YES;
				CLANG_WARN_OBJC_IMPLICIT_RETAIN_SELF = YES;
				CLANG_WARN_OBJC_LITERAL_CONVERSION = YES;
				CLANG_WARN_OBJC_ROOT_CLASS = YES_ERROR;
				CLANG_WARN_RANGE_LOOP_ANALYSIS = YES;
				CLANG_WARN_STRICT_PROTOTYPES = YES;
				CLANG_WARN_SUSPICIOUS_MOVE = YES;
				CLANG_WARN_UNGUARDED_AVAILABILITY = YES_AGGRESSIVE;
				CLANG_WARN_UNREACHABLE_CODE = YES;
				CLANG_WARN__DUPLICATE_METHOD_MATCH = YES;
				CODE_SIGN_IDENTITY = "iPhone Developer";
				COPY_PHASE_STRIP = NO;
				DEBUG_INFORMATION_FORMAT = "dwarf-with-dsym";
				ENABLE_NS_ASSERTIONS = NO;
				ENABLE_STRICT_OBJC_MSGSEND = YES;
				GCC_C_LANGUAGE_STANDARD = gnu11;
				GCC_NO_COMMON_BLOCKS = YES;
				GCC_WARN_64_TO_32_BIT_CONVERSION = YES;
				GCC_WARN_ABOUT_RETURN_TYPE = YES_ERROR;
				GCC_WARN_UNDECLARED_SELECTOR = YES;
				GCC_WARN_UNINITIALIZED_AUTOS = YES_AGGRESSIVE;
				GCC_WARN_UNUSED_FUNCTION = YES;
				GCC_WARN_UNUSED_VARIABLE = YES;
				IPHONEOS_DEPLOYMENT_TARGET = 12.0;
				MTL_ENABLE_DEBUG_INFO = NO;
				MTL_FAST_MATH = YES;
				SDKROOT = iphoneos;
				SWIFT_COMPILATION_MODE = wholemodule;
				SWIFT_OPTIMIZATION_LEVEL = "-O";
				VALIDATE_PRODUCT = YES;
			};
			name = Release;
		};
		672C27C921BA45BB005AD81F /* Debug */ = {
			isa = XCBuildConfiguration;
			buildSettings = {
				ASSETCATALOG_COMPILER_APPICON_NAME = AppIcon;
				CODE_SIGN_STYLE = Automatic;
				INFOPLIST_FILE = SwiftModuleCallBack/Info.plist;
				LD_RUNPATH_SEARCH_PATHS = (
					"$(inherited)",
					"@executable_path/Frameworks",
				);
				PRODUCT_BUNDLE_IDENTIFIER = wwc.SwiftModuleCallBack;
				PRODUCT_NAME = "$(TARGET_NAME)";
				SWIFT_VERSION = 4.2;
				TARGETED_DEVICE_FAMILY = "1,2";
			};
			name = Debug;
		};
		672C27CA21BA45BB005AD81F /* Release */ = {
			isa = XCBuildConfiguration;
			buildSettings = {
				ASSETCATALOG_COMPILER_APPICON_NAME = AppIcon;
				CODE_SIGN_STYLE = Automatic;
				INFOPLIST_FILE = SwiftModuleCallBack/Info.plist;
				LD_RUNPATH_SEARCH_PATHS = (
					"$(inherited)",
					"@executable_path/Frameworks",
				);
				PRODUCT_BUNDLE_IDENTIFIER = wwc.SwiftModuleCallBack;
				PRODUCT_NAME = "$(TARGET_NAME)";
				SWIFT_VERSION = 4.2;
				TARGETED_DEVICE_FAMILY = "1,2";
			};
			name = Release;
		};
/* End XCBuildConfiguration section */

/* Begin XCConfigurationList section */
		672C27B121BA45BA005AD81F /* Build configuration list for PBXProject "SwiftModuleCallBack" */ = {
			isa = XCConfigurationList;
			buildConfigurations = (
				672C27C621BA45BB005AD81F /* Debug */,
				672C27C721BA45BB005AD81F /* Release */,
			);
			defaultConfigurationIsVisible = 0;
			defaultConfigurationName = Release;
		};
		672C27C821BA45BB005AD81F /* Build configuration list for PBXNativeTarget "SwiftModuleCallBack" */ = {
			isa = XCConfigurationList;
			buildConfigurations = (
				672C27C921BA45BB005AD81F /* Debug */,
				672C27CA21BA45BB005AD81F /* Release */,
			);
			defaultConfigurationIsVisible = 0;
			defaultConfigurationName = Release;
		};
/* End XCConfigurationList section */
	};
	rootObject = 672C27AE21BA45BA005AD81F /* Project object */;
}
